Microsoft Visual Studio Solution File, Format Version 12.00
# Visual Studio Version 17
VisualStudioVersion = 17.5.2.0
MinimumVisualStudioVersion = 10.0.40219.1
Project("{FAE04EC0-301F-11D3-BF4B-00C04F79EFBC}") = "esAPI", "esAPI\esAPI.csproj", "{4F5C7A8B-2D76-FBAE-AC21-474D5DAFB0AD}"
EndProject
Global
	GlobalSection(SolutionConfigurationPlatforms) = preSolution
		Debug|Any CPU = Debug|Any CPU
		Release|Any CPU = Release|Any CPU
	EndGlobalSection
	GlobalSection(ProjectConfigurationPlatforms) = postSolution
		{4F5C7A8B-2D76-FBAE-AC21-474D5DAFB0AD}.Debug|Any CPU.ActiveCfg = Debug|Any CPU
		{4F5C7A8B-2D76-FBAE-AC21-474D5DAFB0AD}.Debug|Any CPU.Build.0 = Debug|Any CPU
		{4F5C7A8B-2D76-FBAE-AC21-474D5DAFB0AD}.Release|Any CPU.ActiveCfg = Release|Any CPU
		{4F5C7A8B-2D76-FBAE-AC21-474D5DAFB0AD}.Release|Any CPU.Build.0 = Release|Any CPU
	EndGlobalSection
	GlobalSection(SolutionProperties) = preSolution
		HideSolutionNode = FALSE
	EndGlobalSection
	GlobalSection(ExtensibilityGlobals) = postSolution
		SolutionGuid = {57AF69D0-1418-4B19-B9B5-3052FBFCC5A6}
	EndGlobalSection
EndGlobal
